Microsoft Visual Studio Solution File, Format Version 12.00
# Visual Studio Version 17
VisualStudioVersion = 17.7.34003.232
MinimumVisualStudioVersion = 10.0.40219.1
Project("{FAE04EC0-301F-11D3-BF4B-00C04F79EFBC}") = "LocalExplorer", "LocalExplorer.csproj", "{9069DB4D-7962-47F0-8527-7330819586ED}"
EndProject
Global
	GlobalSection(SolutionConfigurationPlatforms) = preSolution
		Debug|x86 = Debug|x86
		Release|x86 = Release|x86
	EndGlobalSection
	GlobalSection(ProjectConfigurationPlatforms) = postSolution
		{9069DB4D-7962-47F0-8527-7330819586ED}.Debug|x86.ActiveCfg = Debug|x86
		{9069DB4D-7962-47F0-8527-7330819586ED}.Debug|x86.Build.0 = Debug|x86
		{9069DB4D-7962-47F0-8527-7330819586ED}.Release|x86.ActiveCfg = Release|x86
		{9069DB4D-7962-47F0-8527-7330819586ED}.Release|x86.Build.0 = Release|x86
	EndGlobalSection
	GlobalSection(SolutionProperties) = preSolution
		HideSolutionNode = FALSE
	EndGlobalSection
	GlobalSection(ExtensibilityGlobals) = postSolution
		SolutionGuid = {6356AD80-EFC4-4762-B996-5A9F8DD4E6B8}
	EndGlobalSection
EndGlobal
